
Microsoft Visual Studio Solution File, Format Version 12.00
# Visual Studio Version 17
VisualStudioVersion = 17.8.34511.84
MinimumVisualStudioVersion = 10.0.40219.1
Project("{FAE04EC0-301F-11D3-BF4B-00C04F79EFBC}") = "ParkingLot", "ParkingLot.csproj", "{9BF50731-D5F1-4300-95E5-4471BEF23B2E}"
EndProject
Global
	GlobalSection(SolutionConfigurationPlatforms) = preSolution
		Debug|Any CPU = Debug|Any CPU
		Release|Any CPU = Release|Any CPU
	EndGlobalSection
	GlobalSection(ProjectConfigurationPlatforms) = postSolution
		{9BF50731-D5F1-4300-95E5-4471BEF23B2E}.Debug|Any CPU.ActiveCfg = Debug|Any CPU
		{9BF50731-D5F1-4300-95E5-4471BEF23B2E}.Debug|Any CPU.Build.0 = Debug|Any CPU
		{9BF50731-D5F1-4300-95E5-4471BEF23B2E}.Release|Any CPU.ActiveCfg = Release|Any CPU
		{9BF50731-D5F1-4300-95E5-4471BEF23B2E}.Release|Any CPU.Build.0 = Release|Any CPU
	EndGlobalSection
	GlobalSection(SolutionProperties) = preSolution
		HideSolutionNode = FALSE
	EndGlobalSection
	GlobalSection(ExtensibilityGlobals) = postSolution
		SolutionGuid = {C7906B2B-5F6F-4911-A8C8-B1DE9145EACE}
	EndGlobalSection
EndGlobal
